
Microsoft Visual Studio Solution File, Format Version 12.00
# Visual Studio Version 17
VisualStudioVersion = 17.0.31903.59
MinimumVisualStudioVersion = 10.0.40219.1
Project("{2150E333-8FDC-42A3-9474-1A3956D46DE8}") = "src", "src", "{827E0CD3-B72D-47B6-A68D-7590B98EB39B}"
EndProject
Project("{FAE04EC0-301F-11D3-BF4B-00C04F79EFBC}") = "Pos.Domain", "src\Pos.Domain\Pos.Domain.csproj", "{CBE04F08-1A5F-4547-9036-43DF5987C862}"
EndProject
Project("{FAE04EC0-301F-11D3-BF4B-00C04F79EFBC}") = "Pos.Api", "src\Pos.Api\Pos.Api.csproj", "{2A64BEB8-288E-4D78-AE55-7B5D5ED5617F}"
EndProject
Project("{FAE04EC0-301F-11D3-BF4B-00C04F79EFBC}") = "Pos.Application", "src\Pos.Application\Pos.Application.csproj", "{DED6843E-DA85-44A4-ACAF-773477E06CAB}"
EndProject
Project("{FAE04EC0-301F-11D3-BF4B-00C04F79EFBC}") = "Pos.Infrastructure", "src\Pos.Infrastructure\Pos.Infrastructure.csproj", "{F87EA5AC-7744-4F56-9863-20C27B450F68}"
EndProject
Global
	GlobalSection(SolutionConfigurationPlatforms) = preSolution
		Debug|Any CPU = Debug|Any CPU
		Debug|x64 = Debug|x64
		Debug|x86 = Debug|x86
		Release|Any CPU = Release|Any CPU
		Release|x64 = Release|x64
		Release|x86 = Release|x86
	EndGlobalSection
	GlobalSection(ProjectConfigurationPlatforms) = postSolution
		{CBE04F08-1A5F-4547-9036-43DF5987C862}.Debug|Any CPU.ActiveCfg = Debug|Any CPU
		{CBE04F08-1A5F-4547-9036-43DF5987C862}.Debug|Any CPU.Build.0 = Debug|Any CPU
		{CBE04F08-1A5F-4547-9036-43DF5987C862}.Debug|x64.ActiveCfg = Debug|Any CPU
		{CBE04F08-1A5F-4547-9036-43DF5987C862}.Debug|x64.Build.0 = Debug|Any CPU
		{CBE04F08-1A5F-4547-9036-43DF5987C862}.Debug|x86.ActiveCfg = Debug|Any CPU
		{CBE04F08-1A5F-4547-9036-43DF5987C862}.Debug|x86.Build.0 = Debug|Any CPU
		{CBE04F08-1A5F-4547-9036-43DF5987C862}.Release|Any CPU.ActiveCfg = Release|Any CPU
		{CBE04F08-1A5F-4547-9036-43DF5987C862}.Release|Any CPU.Build.0 = Release|Any CPU
		{CBE04F08-1A5F-4547-9036-43DF5987C862}.Release|x64.ActiveCfg = Release|Any CPU
		{CBE04F08-1A5F-4547-9036-43DF5987C862}.Release|x64.Build.0 = Release|Any CPU
		{CBE04F08-1A5F-4547-9036-43DF5987C862}.Release|x86.ActiveCfg = Release|Any CPU
		{CBE04F08-1A5F-4547-9036-43DF5987C862}.Release|x86.Build.0 = Release|Any CPU
		{2A64BEB8-288E-4D78-AE55-7B5D5ED5617F}.Debug|Any CPU.ActiveCfg = Debug|Any CPU
		{2A64BEB8-288E-4D78-AE55-7B5D5ED5617F}.Debug|Any CPU.Build.0 = Debug|Any CPU
		{2A64BEB8-288E-4D78-AE55-7B5D5ED5617F}.Debug|x64.ActiveCfg = Debug|Any CPU
		{2A64BEB8-288E-4D78-AE55-7B5D5ED5617F}.Debug|x64.Build.0 = Debug|Any CPU
		{2A64BEB8-288E-4D78-AE55-7B5D5ED5617F}.Debug|x86.ActiveCfg = Debug|Any CPU
		{2A64BEB8-288E-4D78-AE55-7B5D5ED5617F}.Debug|x86.Build.0 = Debug|Any CPU
		{2A64BEB8-288E-4D78-AE55-7B5D5ED5617F}.Release|Any CPU.ActiveCfg = Release|Any CPU
		{2A64BEB8-288E-4D78-AE55-7B5D5ED5617F}.Release|Any CPU.Build.0 = Release|Any CPU
		{2A64BEB8-288E-4D78-AE55-7B5D5ED5617F}.Release|x64.ActiveCfg = Release|Any CPU
		{2A64BEB8-288E-4D78-AE55-7B5D5ED5617F}.Release|x64.Build.0 = Release|Any CPU
		{2A64BEB8-288E-4D78-AE55-7B5D5ED5617F}.Release|x86.ActiveCfg = Release|Any CPU
		{2A64BEB8-288E-4D78-AE55-7B5D5ED5617F}.Release|x86.Build.0 = Release|Any CPU
		{DED6843E-DA85-44A4-ACAF-773477E06CAB}.Debug|Any CPU.ActiveCfg = Debug|Any CPU
		{DED6843E-DA85-44A4-ACAF-773477E06CAB}.Debug|Any CPU.Build.0 = Debug|Any CPU
		{DED6843E-DA85-44A4-ACAF-773477E06CAB}.Debug|x64.ActiveCfg = Debug|Any CPU
		{DED6843E-DA85-44A4-ACAF-773477E06CAB}.Debug|x64.Build.0 = Debug|Any CPU
		{DED6843E-DA85-44A4-ACAF-773477E06CAB}.Debug|x86.ActiveCfg = Debug|Any CPU
		{DED6843E-DA85-44A4-ACAF-773477E06CAB}.Debug|x86.Build.0 = Debug|Any CPU
		{DED6843E-DA85-44A4-ACAF-773477E06CAB}.Release|Any CPU.ActiveCfg = Release|Any CPU
		{DED6843E-DA85-44A4-ACAF-773477E06CAB}.Release|Any CPU.Build.0 = Release|Any CPU
		{DED6843E-DA85-44A4-ACAF-773477E06CAB}.Release|x64.ActiveCfg = Release|Any CPU
		{DED6843E-DA85-44A4-ACAF-773477E06CAB}.Release|x64.Build.0 = Release|Any CPU
		{DED6843E-DA85-44A4-ACAF-773477E06CAB}.Release|x86.ActiveCfg = Release|Any CPU
		{DED6843E-DA85-44A4-ACAF-773477E06CAB}.Release|x86.Build.0 = Release|Any CPU
		{F87EA5AC-7744-4F56-9863-20C27B450F68}.Debug|Any CPU.ActiveCfg = Debug|Any CPU
		{F87EA5AC-7744-4F56-9863-20C27B450F68}.Debug|Any CPU.Build.0 = Debug|Any CPU
		{F87EA5AC-7744-4F56-9863-20C27B450F68}.Debug|x64.ActiveCfg = Debug|Any CPU
		{F87EA5AC-7744-4F56-9863-20C27B450F68}.Debug|x64.Build.0 = Debug|Any CPU
		{F87EA5AC-7744-4F56-9863-20C27B450F68}.Debug|x86.ActiveCfg = Debug|Any CPU
		{F87EA5AC-7744-4F56-9863-20C27B450F68}.Debug|x86.Build.0 = Debug|Any CPU
		{F87EA5AC-7744-4F56-9863-20C27B450F68}.Release|Any CPU.ActiveCfg = Release|Any CPU
		{F87EA5AC-7744-4F56-9863-20C27B450F68}.Release|Any CPU.Build.0 = Release|Any CPU
		{F87EA5AC-7744-4F56-9863-20C27B450F68}.Release|x64.ActiveCfg = Release|Any CPU
		{F87EA5AC-7744-4F56-9863-20C27B450F68}.Release|x64.Build.0 = Release|Any CPU
		{F87EA5AC-7744-4F56-9863-20C27B450F68}.Release|x86.ActiveCfg = Release|Any CPU
		{F87EA5AC-7744-4F56-9863-20C27B450F68}.Release|x86.Build.0 = Release|Any CPU
	EndGlobalSection
	GlobalSection(SolutionProperties) = preSolution
		HideSolutionNode = FALSE
	EndGlobalSection
	GlobalSection(NestedProjects) = preSolution
		{CBE04F08-1A5F-4547-9036-43DF5987C862} = {827E0CD3-B72D-47B6-A68D-7590B98EB39B}
		{2A64BEB8-288E-4D78-AE55-7B5D5ED5617F} = {827E0CD3-B72D-47B6-A68D-7590B98EB39B}
		{DED6843E-DA85-44A4-ACAF-773477E06CAB} = {827E0CD3-B72D-47B6-A68D-7590B98EB39B}
		{F87EA5AC-7744-4F56-9863-20C27B450F68} = {827E0CD3-B72D-47B6-A68D-7590B98EB39B}
	EndGlobalSection
EndGlobal
